
Microsoft Visual Studio Solution File, Format Version 12.00
# Visual Studio 15
VisualStudioVersion = 15.0.28307.1259
MinimumVisualStudioVersion = 10.0.40219.1
Project("{FAE04EC0-301F-11D3-BF4B-00C04F79EFBC}") = "RegularExpf", "RegularExpf\RegularExpf.csproj", "{1B9B93BE-4129-4777-90D2-1219EAE35B1C}"
EndProject
Global
	GlobalSection(SolutionConfigurationPlatforms) = preSolution
		Debug|Any CPU = Debug|Any CPU
		Release|Any CPU = Release|Any CPU
	EndGlobalSection
	GlobalSection(ProjectConfigurationPlatforms) = postSolution
		{1B9B93BE-4129-4777-90D2-1219EAE35B1C}.Debug|Any CPU.ActiveCfg = Debug|Any CPU
		{1B9B93BE-4129-4777-90D2-1219EAE35B1C}.Debug|Any CPU.Build.0 = Debug|Any CPU
		{1B9B93BE-4129-4777-90D2-1219EAE35B1C}.Release|Any CPU.ActiveCfg = Release|Any CPU
		{1B9B93BE-4129-4777-90D2-1219EAE35B1C}.Release|Any CPU.Build.0 = Release|Any CPU
	EndGlobalSection
	GlobalSection(SolutionProperties) = preSolution
		HideSolutionNode = FALSE
	EndGlobalSection
	GlobalSection(ExtensibilityGlobals) = postSolution
		SolutionGuid = {A6B4810E-8770-4E03-864B-7C326C62B5CB}
	EndGlobalSection
EndGlobal
